
Microsoft Visual Studio Solution File, Format Version 12.00
# Visual Studio Version 16
VisualStudioVersion = 16.0.29123.88
MinimumVisualStudioVersion = 10.0.40219.1
Project("{FAE04EC0-301F-11D3-BF4B-00C04F79EFBC}") = "ADM Management System", "ADM Management System.csproj", "{7F20FF12-FA81-49E4-9BBE-D4DEC672E529}"
EndProject
Global
	GlobalSection(SolutionConfigurationPlatforms) = preSolution
		Debug|Any CPU = Debug|Any CPU
		Release|Any CPU = Release|Any CPU
	EndGlobalSection
	GlobalSection(ProjectConfigurationPlatforms) = postSolution
		{7F20FF12-FA81-49E4-9BBE-D4DEC672E529}.Debug|Any CPU.ActiveCfg = Debug|Any CPU
		{7F20FF12-FA81-49E4-9BBE-D4DEC672E529}.Debug|Any CPU.Build.0 = Debug|Any CPU
		{7F20FF12-FA81-49E4-9BBE-D4DEC672E529}.Release|Any CPU.ActiveCfg = Release|Any CPU
		{7F20FF12-FA81-49E4-9BBE-D4DEC672E529}.Release|Any CPU.Build.0 = Release|Any CPU
	EndGlobalSection
	GlobalSection(SolutionProperties) = preSolution
		HideSolutionNode = FALSE
	EndGlobalSection
	GlobalSection(ExtensibilityGlobals) = postSolution
		SolutionGuid = {1F3459DA-C2A2-4E55-9C28-43FB67215C4B}
	EndGlobalSection
EndGlobal
